
Microsoft Visual Studio Solution File, Format Version 12.00
# Visual Studio Version 16
VisualStudioVersion = 16.0.30907.101
MinimumVisualStudioVersion = 10.0.40219.1
Project("{FAE04EC0-301F-11D3-BF4B-00C04F79EFBC}") = "ProyectoGit", "ProyectoGit.csproj", "{F84F6C69-E238-4FC6-BCC1-C0191AC396BB}"
EndProject
Global
	GlobalSection(SolutionConfigurationPlatforms) = preSolution
		Debug|Any CPU = Debug|Any CPU
		Release|Any CPU = Release|Any CPU
	EndGlobalSection
	GlobalSection(ProjectConfigurationPlatforms) = postSolution
		{F84F6C69-E238-4FC6-BCC1-C0191AC396BB}.Debug|Any CPU.ActiveCfg = Debug|Any CPU
		{F84F6C69-E238-4FC6-BCC1-C0191AC396BB}.Debug|Any CPU.Build.0 = Debug|Any CPU
		{F84F6C69-E238-4FC6-BCC1-C0191AC396BB}.Release|Any CPU.ActiveCfg = Release|Any CPU
		{F84F6C69-E238-4FC6-BCC1-C0191AC396BB}.Release|Any CPU.Build.0 = Release|Any CPU
	EndGlobalSection
	GlobalSection(SolutionProperties) = preSolution
		HideSolutionNode = FALSE
	EndGlobalSection
	GlobalSection(ExtensibilityGlobals) = postSolution
		SolutionGuid = {2107C170-6DE4-4421-90D9-5FD59FFE72B3}
	EndGlobalSection
EndGlobal
